<?xml version="1.0" encoding="utf-8"?>
<Project ToolsVersion="4.0" xmlns="http://schemas.microsoft.com/developer/msbuild/2003">
  <ItemGroup>
    <Filter Include="Backend">
      <UniqueIdentifier>{4e179bfd-6e63-4b86-b0c9-929de72465e9}</UniqueIdentifier>
    </Filter>
    <Filter Include="Frontend">
      <UniqueIdentifier>{4b2f09af-ab58-4020-8d84-5c3f266d6b70}</UniqueIdentifier>
    </Filter>
    <Filter Include="dlib">
      <UniqueIdentifier>{51420587-1cf7-433a-a092-d43a21aac24b}</UniqueIdentifier>
    </Filter>
    <Filter Include="Frontend\dlib GUI">
      <UniqueIdentifier>{14f404a4-aca2-46f1-b8f3-a10dfbd2f5b7}</UniqueIdentifier>
    </Filter>
    <Filter Include="Frontend\wxWidgets GUI">
      <UniqueIdentifier>{582dc382-9200-4958-ae06-b721f6be12ba}</UniqueIdentifier>
    </Filter>
  </ItemGroup>
  <ItemGroup>
    <ClCompile Include="Sources\CdlpFilter.cpp">
      <Filter>Backend</Filter>
    </ClCompile>
    <ClCompile Include="Sources\CsvWriter.cpp">
      <Filter>Backend</Filter>
    </ClCompile>
    <ClCompile Include="Sources\GestureWriter.cpp">
      <Filter>Backend</Filter>
    </ClCompile>
    <ClCompile Include="Sources\main.cpp">
      <Filter>Frontend</Filter>
    </ClCompile>
    <ClCompile Include="Sources\OptimizationProblem.cpp">
      <Filter>Backend</Filter>
    </ClCompile>
    <ClCompile Include="Sources\PitchTierReader.cpp">
      <Filter>Backend</Filter>
    </ClCompile>
    <ClCompile Include="Sources\PitchTierWriter.cpp">
      <Filter>Backend</Filter>
    </ClCompile>
    <ClCompile Include="Sources\TextGridReader.cpp">
      <Filter>Backend</Filter>
    </ClCompile>
    <ClCompile Include="Sources\TamModelF0.cpp">
      <Filter>Backend</Filter>
    </ClCompile>
    <ClCompile Include="Sources\BobyqaOptimizer.cpp">
      <Filter>Backend</Filter>
    </ClCompile>
    <ClCompile Include="dlib\all\source.cpp">
      <Filter>dlib</Filter>
    </ClCompile>
    <ClCompile Include="Sources\MainWindow.cpp">
      <Filter>Frontend\dlib GUI</Filter>
    </ClCompile>
    <ClCompile Include="Sources\PlotRegion.cpp">
      <Filter>Frontend\dlib GUI</Filter>
    </ClCompile>
    <ClCompile Include="Sources\wx\wxMainWindow.cpp">
      <Filter>Frontend\wxWidgets GUI</Filter>
    </ClCompile>
    <ClCompile Include="Sources\wx\Graph.cpp">
      <Filter>Frontend\wxWidgets GUI</Filter>
    </ClCompile>
    <ClCompile Include="Sources\wx\BasicPicture.cpp">
      <Filter>Frontend\wxWidgets GUI</Filter>
    </ClCompile>
    <ClCompile Include="Sources\wx\wxPlotRegion.cpp">
      <Filter>Frontend\wxWidgets GUI</Filter>
    </ClCompile>
    <ClCompile Include="Sources\wx\SearchSpacePage.cpp">
      <Filter>Frontend\wxWidgets GUI</Filter>
    </ClCompile>
    <ClCompile Include="Sources\wx\RegularizationPage.cpp">
      <Filter>Frontend\wxWidgets GUI</Filter>
    </ClCompile>
    <ClCompile Include="Sources\wx\OptionsNotebook.cpp">
      <Filter>Frontend\wxWidgets GUI</Filter>
    </ClCompile>
  </ItemGroup>
  <ItemGroup>
    <ClInclude Include="Sources\BobyqaOptimizer.h">
      <Filter>Backend</Filter>
    </ClInclude>
    <ClInclude Include="Sources\CdlpFilter.h">
      <Filter>Backend</Filter>
    </ClInclude>
    <ClInclude Include="Sources\CsvWriter.h">
      <Filter>Backend</Filter>
    </ClInclude>
    <ClInclude Include="Sources\Data.h">
      <Filter>Backend</Filter>
    </ClInclude>
    <ClInclude Include="Sources\dataio.h">
      <Filter>Backend</Filter>
    </ClInclude>
    <ClInclude Include="Sources\GestureWriter.h">
      <Filter>Backend</Filter>
    </ClInclude>
    <ClInclude Include="Sources\gui.h">
      <Filter>Frontend</Filter>
    </ClInclude>
    <ClInclude Include="Sources\OptimizationProblem.h">
      <Filter>Backend</Filter>
    </ClInclude>
    <ClInclude Include="Sources\PitchTierReader.h">
      <Filter>Backend</Filter>
    </ClInclude>
    <ClInclude Include="Sources\PitchTierWriter.h">
      <Filter>Backend</Filter>
    </ClInclude>
    <ClInclude Include="Sources\TextGridReader.h">
      <Filter>Backend</Filter>
    </ClInclude>
    <ClInclude Include="Sources\TamModelF0.h">
      <Filter>Backend</Filter>
    </ClInclude>
    <ClInclude Include="Sources\MainWindow.h">
      <Filter>Frontend\dlib GUI</Filter>
    </ClInclude>
    <ClInclude Include="Sources\PlotRegion.h">
      <Filter>Frontend\dlib GUI</Filter>
    </ClInclude>
    <ClInclude Include="Sources\wx\wxMainWindow.h">
      <Filter>Frontend\wxWidgets GUI</Filter>
    </ClInclude>
    <ClInclude Include="Sources\wx\Graph.h">
      <Filter>Frontend\wxWidgets GUI</Filter>
    </ClInclude>
    <ClInclude Include="Sources\wx\BasicPicture.h">
      <Filter>Frontend\wxWidgets GUI</Filter>
    </ClInclude>
    <ClInclude Include="Sources\wx\wxPlotRegion.h">
      <Filter>Frontend\wxWidgets GUI</Filter>
    </ClInclude>
    <ClInclude Include="Sources\wx\SearchSpacePage.h">
      <Filter>Frontend\wxWidgets GUI</Filter>
    </ClInclude>
    <ClInclude Include="Sources\wx\RegularizationPage.h">
      <Filter>Frontend\wxWidgets GUI</Filter>
    </ClInclude>
    <ClInclude Include="Sources\wx\OptionsNotebook.h">
      <Filter>Frontend\wxWidgets GUI</Filter>
    </ClInclude>
  </ItemGroup>
  <ItemGroup>
    <None Include="README.md" />
  </ItemGroup>
</Project>