<?xml version="1.0" encoding="utf-8"?>
<Project ToolsVersion="4.0" xmlns="http://schemas.microsoft.com/developer/msbuild/2003">
  <ItemGroup>
    <Filter Include="Backend">
      <UniqueIdentifier>{4e179bfd-6e63-4b86-b0c9-929de72465e9}</UniqueIdentifier>
    </Filter>
    <Filter Include="Frontend">
      <UniqueIdentifier>{4b2f09af-ab58-4020-8d84-5c3f266d6b70}</UniqueIdentifier>
    </Filter>
    <Filter Include="dlib">
      <UniqueIdentifier>{51420587-1cf7-433a-a092-d43a21aac24b}</UniqueIdentifier>
    </Filter>
  </ItemGroup>
  <ItemGroup>
    <ClCompile Include="Sources\CdlpFilter.cpp">
      <Filter>Backend</Filter>
    </ClCompile>
    <ClCompile Include="Sources\CsvWriter.cpp">
      <Filter>Backend</Filter>
    </ClCompile>
    <ClCompile Include="Sources\GestureWriter.cpp">
      <Filter>Backend</Filter>
    </ClCompile>
    <ClCompile Include="Sources\main.cpp">
      <Filter>Frontend</Filter>
    </ClCompile>
    <ClCompile Include="Sources\MainWindow.cpp">
      <Filter>Frontend</Filter>
    </ClCompile>
    <ClCompile Include="Sources\OptimizationProblem.cpp">
      <Filter>Backend</Filter>
    </ClCompile>
    <ClCompile Include="Sources\PitchTierReader.cpp">
      <Filter>Backend</Filter>
    </ClCompile>
    <ClCompile Include="Sources\PitchTierWriter.cpp">
      <Filter>Backend</Filter>
    </ClCompile>
    <ClCompile Include="Sources\TextGridReader.cpp">
      <Filter>Backend</Filter>
    </ClCompile>
    <ClCompile Include="Sources\TamModelF0.cpp">
      <Filter>Backend</Filter>
    </ClCompile>
    <ClCompile Include="Sources\BobyqaOptimizer.cpp">
      <Filter>Backend</Filter>
    </ClCompile>
    <ClCompile Include="Sources\PlotRegion.cpp">
      <Filter>Frontend</Filter>
    </ClCompile>
    <ClCompile Include="dlib\all\source.cpp">
      <Filter>dlib</Filter>
    </ClCompile>
    <ClCompile Include="Sources\Interval.cpp">
      <Filter>Backend</Filter>
    </ClCompile>
    <ClCompile Include="Sources\TextGrid.cpp">
      <Filter>Backend</Filter>
    </ClCompile>
    <ClCompile Include="Sources\Point.cpp">
      <Filter>Backend</Filter>
    </ClCompile>
  </ItemGroup>
  <ItemGroup>
    <ClInclude Include="Sources\BobyqaOptimizer.h">
      <Filter>Backend</Filter>
    </ClInclude>
    <ClInclude Include="Sources\CdlpFilter.h">
      <Filter>Backend</Filter>
    </ClInclude>
    <ClInclude Include="Sources\CsvWriter.h">
      <Filter>Backend</Filter>
    </ClInclude>
    <ClInclude Include="Sources\Data.h">
      <Filter>Backend</Filter>
    </ClInclude>
    <ClInclude Include="Sources\dataio.h">
      <Filter>Backend</Filter>
    </ClInclude>
    <ClInclude Include="Sources\GestureWriter.h">
      <Filter>Backend</Filter>
    </ClInclude>
    <ClInclude Include="Sources\gui.h">
      <Filter>Frontend</Filter>
    </ClInclude>
    <ClInclude Include="Sources\MainWindow.h">
      <Filter>Frontend</Filter>
    </ClInclude>
    <ClInclude Include="Sources\OptimizationProblem.h">
      <Filter>Backend</Filter>
    </ClInclude>
    <ClInclude Include="Sources\PitchTierReader.h">
      <Filter>Backend</Filter>
    </ClInclude>
    <ClInclude Include="Sources\PitchTierWriter.h">
      <Filter>Backend</Filter>
    </ClInclude>
    <ClInclude Include="Sources\TextGridReader.h">
      <Filter>Backend</Filter>
    </ClInclude>
    <ClInclude Include="Sources\TamModelF0.h">
      <Filter>Backend</Filter>
    </ClInclude>
    <ClInclude Include="Sources\PlotRegion.h">
      <Filter>Frontend</Filter>
    </ClInclude>
    <ClInclude Include="Sources\Interval.h">
      <Filter>Backend</Filter>
    </ClInclude>
    <ClInclude Include="Sources\Point.h">
      <Filter>Backend</Filter>
    </ClInclude>
    <ClInclude Include="Sources\TextGrid.h">
      <Filter>Backend</Filter>
    </ClInclude>
    <ClInclude Include="Sources\Tier.h">
      <Filter>Backend</Filter>
    </ClInclude>
  </ItemGroup>
  <ItemGroup>
    <None Include="README.md">
      <Filter>Backend</Filter>
    </None>
  </ItemGroup>
</Project>